
Microsoft Visual Studio Solution File, Format Version 12.00
# Visual Studio Version 17
VisualStudioVersion = 17.11.35219.272
MinimumVisualStudioVersion = 10.0.40219.1
Project("{8BC9CEB8-8B4A-11D0-8D11-00A0C91BC942}") = "minesweeper", "minesweeper.vcxproj", "{4AA0B47B-E138-43D2-93CE-4EB0A5C7F43E}"
EndProject
Global
	GlobalSection(SolutionConfigurationPlatforms) = preSolution
		Debug|x64 = Debug|x64
		Debug|x86 = Debug|x86
		Release|x64 = Release|x64
		Release|x86 = Release|x86
	EndGlobalSection
	GlobalSection(ProjectConfigurationPlatforms) = postSolution
		{4AA0B47B-E138-43D2-93CE-4EB0A5C7F43E}.Debug|x64.ActiveCfg = Debug|x64
		{4AA0B47B-E138-43D2-93CE-4EB0A5C7F43E}.Debug|x64.Build.0 = Debug|x64
		{4AA0B47B-E138-43D2-93CE-4EB0A5C7F43E}.Debug|x86.ActiveCfg = Debug|Win32
		{4AA0B47B-E138-43D2-93CE-4EB0A5C7F43E}.Debug|x86.Build.0 = Debug|Win32
		{4AA0B47B-E138-43D2-93CE-4EB0A5C7F43E}.Release|x64.ActiveCfg = Release|x64
		{4AA0B47B-E138-43D2-93CE-4EB0A5C7F43E}.Release|x64.Build.0 = Release|x64
		{4AA0B47B-E138-43D2-93CE-4EB0A5C7F43E}.Release|x86.ActiveCfg = Release|Win32
		{4AA0B47B-E138-43D2-93CE-4EB0A5C7F43E}.Release|x86.Build.0 = Release|Win32
	EndGlobalSection
	GlobalSection(SolutionProperties) = preSolution
		HideSolutionNode = FALSE
	EndGlobalSection
	GlobalSection(ExtensibilityGlobals) = postSolution
		SolutionGuid = {704095F9-2AD2-4907-9F62-73A9505E2C78}
	EndGlobalSection
EndGlobal
